{
	"name": "TagmapLayer",
	"version": "0.0.0",
	"lockfileVersion": 1,
	"requires": true,
	"dependencies": {
		"@babel/runtime": {
			"version": "7.8.4",
			"resolved": "https://registry.npmjs.org/@babel/runtime/-/runtime-7.8.4.tgz",
			"integrity": "sha512-neAp3zt80trRVBI1x0azq6c57aNBqYZH8KhMm3TaB7wEI5Q4A2SHfBHE8w9gOhI/lrqxtEbXZgQIrHP+wvSGwQ==",
			"requires": {
				"regenerator-runtime": "^0.13.2"
			}
		},
		"@deck.gl/core": {
			"version": "8.0.12",
			"resolved": "https://registry.npmjs.org/@deck.gl/core/-/core-8.0.12.tgz",
			"integrity": "sha512-pVv40FZOo6ntI8ICk+H4tvLu6/s0dPmtuDFijZ73rpZGNFAQpQLS0qN1wEakq7QsDXbFMwX/XduSt9DqWG9exw==",
			"requires": {
				"@loaders.gl/core": "^2.0.2",
				"@loaders.gl/images": "^2.0.2",
				"@luma.gl/core": "^8.0.3",
				"@math.gl/web-mercator": "^3.1.3",
				"gl-matrix": "^3.0.0",
				"math.gl": "^3.1.2",
				"mjolnir.js": "^2.3.0",
				"probe.gl": "^3.2.0"
			}
		},
		"@deck.gl/layers": {
			"version": "8.0.12",
			"resolved": "https://registry.npmjs.org/@deck.gl/layers/-/layers-8.0.12.tgz",
			"integrity": "sha512-byDLdgb0QWoDRdI62B3R0AsMOafP4ACLYCNIway1n2e3NvL3KmjEEk5yPkIOizmroThW4hHJYpnSgM6PTStTXw==",
			"requires": {
				"@loaders.gl/core": "^2.0.2",
				"@loaders.gl/images": "^2.0.2",
				"@mapbox/tiny-sdf": "^1.1.0",
				"earcut": "^2.0.6"
			}
		},
		"@loaders.gl/core": {
			"version": "2.0.2",
			"resolved": "https://registry.npmjs.org/@loaders.gl/core/-/core-2.0.2.tgz",
			"integrity": "sha512-l2atBRmKln/0M6GEbtobS1fIIYzGfbN72Vloc3V4+p31gxDsWj35QLvHMAc4K8SOE0lk5gRDcZkJjYQo90JoUQ==",
			"requires": {
				"@babel/runtime": "^7.3.1",
				"@loaders.gl/loader-utils": "2.0.2"
			}
		},
		"@loaders.gl/images": {
			"version": "2.0.2",
			"resolved": "https://registry.npmjs.org/@loaders.gl/images/-/images-2.0.2.tgz",
			"integrity": "sha512-H6xhSvM24CI++P46TZRLX+95mn5B4HaP0jWGSIn2Lo0aBpcI9/T8z2EZhJyihjoR450fph1ER0j+Mnz+ovHEGg=="
		},
		"@loaders.gl/loader-utils": {
			"version": "2.0.2",
			"resolved": "https://registry.npmjs.org/@loaders.gl/loader-utils/-/loader-utils-2.0.2.tgz",
			"integrity": "sha512-sowdxj1wE2lSXSBSJswNjWfJvfdi21ZG9nB7OmenvbPiqcd1NyjUVsr+TeiTBiRsPlyQhp5BjVEYnywDLHSNUg==",
			"requires": {
				"@babel/runtime": "^7.3.1"
			}
		},
		"@luma.gl/constants": {
			"version": "8.0.3",
			"resolved": "https://registry.npmjs.org/@luma.gl/constants/-/constants-8.0.3.tgz",
			"integrity": "sha512-Ps89hhaNGyseXDECnSNWbDARP3n1WOttoUnci2BL3O6Od7IIzkuV4HeoI3wsH5Zyyf9/3UBFaFwDnfnfK7E0TA=="
		},
		"@luma.gl/core": {
			"version": "8.0.3",
			"resolved": "https://registry.npmjs.org/@luma.gl/core/-/core-8.0.3.tgz",
			"integrity": "sha512-XjsIgBaLku5XxCDFp/cz0Dp3YCYAHgpMrbOPEb4fyE08J1hu7PnarudzpjG0DQsmOjeDZYsf0siAYcwcZXfnJg==",
			"requires": {
				"@babel/runtime": "^7.0.0",
				"@luma.gl/constants": "8.0.3",
				"@luma.gl/engine": "8.0.3",
				"@luma.gl/shadertools": "8.0.3",
				"@luma.gl/webgl": "8.0.3"
			}
		},
		"@luma.gl/engine": {
			"version": "8.0.3",
			"resolved": "https://registry.npmjs.org/@luma.gl/engine/-/engine-8.0.3.tgz",
			"integrity": "sha512-MdcbQ34cFwF1W14UJ57ONTCfk/yUJ+WsXlW7k1hBbsYvXNZwTMIsa7q/KwdYD0pdhiXwgjLAlwJ0+o+4ra5PlQ==",
			"requires": {
				"@babel/runtime": "^7.0.0",
				"@luma.gl/constants": "8.0.3",
				"@luma.gl/gltools": "8.0.3",
				"@luma.gl/shadertools": "8.0.3",
				"@luma.gl/webgl": "8.0.3",
				"math.gl": "^3.1.2",
				"probe.gl": "^3.2.0"
			}
		},
		"@luma.gl/gltools": {
			"version": "8.0.3",
			"resolved": "https://registry.npmjs.org/@luma.gl/gltools/-/gltools-8.0.3.tgz",
			"integrity": "sha512-SMExUgaVweGkYPRDZVvmOfYsphD5h00/VPQp2/du5idbeiq1H9HtAj5hKAvddtpGTQPwW7GJHof+/FA/MsZpEg==",
			"requires": {
				"@babel/runtime": "^7.0.0",
				"@luma.gl/constants": "8.0.3",
				"probe.gl": "^3.2.0"
			}
		},
		"@luma.gl/shadertools": {
			"version": "8.0.3",
			"resolved": "https://registry.npmjs.org/@luma.gl/shadertools/-/shadertools-8.0.3.tgz",
			"integrity": "sha512-ExV20p1rUgrl7VHlfMdP1thLac7Uj/eBd2x+3KWE0NHJdEy4wJggiXAcDwnFxp5WKfI+UqedFE/zbgLobf/UoA==",
			"requires": {
				"@babel/runtime": "^7.0.0",
				"math.gl": "^3.1.2"
			}
		},
		"@luma.gl/webgl": {
			"version": "8.0.3",
			"resolved": "https://registry.npmjs.org/@luma.gl/webgl/-/webgl-8.0.3.tgz",
			"integrity": "sha512-UOGedSTigU2J1ot7MWJETkCeqOcMF7gdDqUjQELnzgcTGSDc5pTerCEq1RLOjabys8fftIwNaiprhViOfif0DA==",
			"requires": {
				"@babel/runtime": "^7.0.0",
				"@luma.gl/constants": "8.0.3",
				"@luma.gl/gltools": "8.0.3",
				"probe.gl": "^3.2.0"
			}
		},
		"@mapbox/tiny-sdf": {
			"version": "1.1.1",
			"resolved": "https://registry.npmjs.org/@mapbox/tiny-sdf/-/tiny-sdf-1.1.1.tgz",
			"integrity": "sha512-Ihn1nZcGIswJ5XGbgFAvVumOgWpvIjBX9jiRlIl46uQG9vJOF51ViBYHF95rEZupuyQbEmhLaDPLQlU7fUTsBg=="
		},
		"@math.gl/core": {
			"version": "3.1.3",
			"resolved": "https://registry.npmjs.org/@math.gl/core/-/core-3.1.3.tgz",
			"integrity": "sha512-vpYyUYaE9h5KhJC4BJp4CeWThB7rrfs40d36dKkn45Vgzuj2lVCJ8FeU0S5XWYa495DLxxECED0IZt9ROvlwcg==",
			"requires": {
				"@babel/runtime": "^7.0.0",
				"gl-matrix": "^3.0.0"
			}
		},
		"@math.gl/web-mercator": {
			"version": "3.1.3",
			"resolved": "https://registry.npmjs.org/@math.gl/web-mercator/-/web-mercator-3.1.3.tgz",
			"integrity": "sha512-aU+3upxkdA9yObA7EudfEKfN/QH4o5impyc7s/a34J2hZKPsihgREphxnKzl2RknXD/KoL7MnQv589LToAJGMQ==",
			"requires": {
				"@babel/runtime": "^7.0.0",
				"gl-matrix": "^3.0.0"
			}
		},
		"@probe.gl/stats": {
			"version": "3.2.1",
			"resolved": "https://registry.npmjs.org/@probe.gl/stats/-/stats-3.2.1.tgz",
			"integrity": "sha512-tXe5krgbodxtVdUVWG4oIicMoCHNGp7QYkaHSDrUeTfJVqYuZz99T6r7qmn0bCo4wQlzn936jJ+QiAltHxatig==",
			"requires": {
				"@babel/runtime": "^7.0.0"
			}
		},
		"d3-array": {
			"version": "2.4.0",
			"resolved": "https://registry.npmjs.org/d3-array/-/d3-array-2.4.0.tgz",
			"integrity": "sha512-KQ41bAF2BMakf/HdKT865ALd4cgND6VcIztVQZUTt0+BH3RWy6ZYnHghVXf6NFjt2ritLr8H1T8LreAAlfiNcw=="
		},
		"d3-collection": {
			"version": "1.0.7",
			"resolved": "https://registry.npmjs.org/d3-collection/-/d3-collection-1.0.7.tgz",
			"integrity": "sha512-ii0/r5f4sjKNTfh84Di+DpztYwqKhEyUlKoPrzUFfeSkWxjW49xU2QzO9qrPrNkpdI0XJkfzvmTu8V2Zylln6A=="
		},
		"d3-color": {
			"version": "1.4.0",
			"resolved": "https://registry.npmjs.org/d3-color/-/d3-color-1.4.0.tgz",
			"integrity": "sha512-TzNPeJy2+iEepfiL92LAAB7fvnp/dV2YwANPVHdDWmYMm23qIJBYww3qT8I8C1wXrmrg4UWs7BKc2tKIgyjzHg=="
		},
		"d3-format": {
			"version": "1.4.3",
			"resolved": "https://registry.npmjs.org/d3-format/-/d3-format-1.4.3.tgz",
			"integrity": "sha512-mm/nE2Y9HgGyjP+rKIekeITVgBtX97o1nrvHCWX8F/yBYyevUTvu9vb5pUnKwrcSw7o7GuwMOWjS9gFDs4O+uQ=="
		},
		"d3-interpolate": {
			"version": "1.4.0",
			"resolved": "https://registry.npmjs.org/d3-interpolate/-/d3-interpolate-1.4.0.tgz",
			"integrity": "sha512-V9znK0zc3jOPV4VD2zZn0sDhZU3WAE2bmlxdIwwQPPzPjvyLkd8B3JUVdS1IDUFDkWZ72c9qnv1GK2ZagTZ8EA==",
			"requires": {
				"d3-color": "1"
			}
		},
		"d3-scale": {
			"version": "3.2.1",
			"resolved": "https://registry.npmjs.org/d3-scale/-/d3-scale-3.2.1.tgz",
			"integrity": "sha512-huz5byJO/6MPpz6Q8d4lg7GgSpTjIZW/l+1MQkzKfu2u8P6hjaXaStOpmyrD6ymKoW87d2QVFCKvSjLwjzx/rA==",
			"requires": {
				"d3-array": "1.2.0 - 2",
				"d3-format": "1",
				"d3-interpolate": "^1.2.0",
				"d3-time": "1",
				"d3-time-format": "2"
			}
		},
		"d3-time": {
			"version": "1.1.0",
			"resolved": "https://registry.npmjs.org/d3-time/-/d3-time-1.1.0.tgz",
			"integrity": "sha512-Xh0isrZ5rPYYdqhAVk8VLnMEidhz5aP7htAADH6MfzgmmicPkTo8LhkLxci61/lCB7n7UmE3bN0leRt+qvkLxA=="
		},
		"d3-time-format": {
			"version": "2.2.3",
			"resolved": "https://registry.npmjs.org/d3-time-format/-/d3-time-format-2.2.3.tgz",
			"integrity": "sha512-RAHNnD8+XvC4Zc4d2A56Uw0yJoM7bsvOlJR33bclxq399Rak/b9bhvu/InjxdWhPtkgU53JJcleJTGkNRnN6IA==",
			"requires": {
				"d3-time": "1"
			}
		},
		"earcut": {
			"version": "2.2.2",
			"resolved": "https://registry.npmjs.org/earcut/-/earcut-2.2.2.tgz",
			"integrity": "sha512-eZoZPPJcUHnfRZ0PjLvx2qBordSiO8ofC3vt+qACLM95u+4DovnbYNpQtJh0DNsWj8RnxrQytD4WA8gj5cRIaQ=="
		},
		"geolib": {
			"version": "2.0.22",
			"resolved": "https://registry.npmjs.org/geolib/-/geolib-2.0.22.tgz",
			"integrity": "sha1-106W6+ouAEnvSAd8HNEhQGPicgA="
		},
		"gl-matrix": {
			"version": "3.1.0",
			"resolved": "https://registry.npmjs.org/gl-matrix/-/gl-matrix-3.1.0.tgz",
			"integrity": "sha512-526NA+3EA+ztAQi0IZpSWiM0fyQXIp7IbRvfJ4wS/TjjQD0uv0fVybXwwqqSOlq33UckivI0yMDlVtboWm3k7A=="
		},
		"hammerjs": {
			"version": "2.0.8",
			"resolved": "https://registry.npmjs.org/hammerjs/-/hammerjs-2.0.8.tgz",
			"integrity": "sha1-BO93hiz/K7edMPdpIJWTAiK/YPE="
		},
		"hdbscanjs": {
			"version": "1.0.12",
			"resolved": "https://registry.npmjs.org/hdbscanjs/-/hdbscanjs-1.0.12.tgz",
			"integrity": "sha1-jM3kmTlUvcZ1HYlMEDccV6xEbsE=",
			"requires": {
				"geolib": "2.0.22"
			}
		},
		"math.gl": {
			"version": "3.1.3",
			"resolved": "https://registry.npmjs.org/math.gl/-/math.gl-3.1.3.tgz",
			"integrity": "sha512-3OYCtzTOW1wkZufjsxk8g1D77+z+x7QehOZcMFPGgw1QjVEFNcyy3ql6hdrZpUlkyE3pX4lYak7WOIE+n0obYg==",
			"requires": {
				"@math.gl/core": "3.1.3"
			}
		},
		"mjolnir.js": {
			"version": "2.4.0",
			"resolved": "https://registry.npmjs.org/mjolnir.js/-/mjolnir.js-2.4.0.tgz",
			"integrity": "sha512-0WyWlc5EzdZ7eD0Fjy1DarzJpknesJaMJ6P0c6gDlbotfj3GRzv0odTXfTVVMm9WxEQSUzxosdnPqnd0SDxIyA==",
			"requires": {
				"@babel/runtime": "^7.0.0",
				"hammerjs": "^2.0.8"
			}
		},
		"probe.gl": {
			"version": "3.2.1",
			"resolved": "https://registry.npmjs.org/probe.gl/-/probe.gl-3.2.1.tgz",
			"integrity": "sha512-ax0flZWVcrw3FF9MMt84mqfIckjkB7ItGer9rr8zlUbkIyzt66ypeJVLQlC28dJ/RBZtriflt2sVAhjENFohQA==",
			"requires": {
				"@babel/runtime": "^7.0.0",
				"@probe.gl/stats": "3.2.1"
			}
		},
		"quickselect": {
			"version": "2.0.0",
			"resolved": "https://registry.npmjs.org/quickselect/-/quickselect-2.0.0.tgz",
			"integrity": "sha512-RKJ22hX8mHe3Y6wH/N3wCM6BWtjaxIyyUIkpHOvfFnxdI4yD4tBXEBKSbriGujF6jnSVkJrffuo6vxACiSSxIw=="
		},
		"rbush": {
			"version": "3.0.1",
			"resolved": "https://registry.npmjs.org/rbush/-/rbush-3.0.1.tgz",
			"integrity": "sha512-XRaVO0YecOpEuIvbhbpTrZgoiI6xBlz6hnlr6EHhd+0x9ase6EmeN+hdwwUaJvLcsFFQ8iWVF1GAK1yB0BWi0w==",
			"requires": {
				"quickselect": "^2.0.0"
			}
		},
		"regenerator-runtime": {
			"version": "0.13.3",
			"resolved": "https://registry.npmjs.org/regenerator-runtime/-/regenerator-runtime-0.13.3.tgz",
			"integrity": "sha512-naKIZz2GQ8JWh///G7L3X6LaQUAMp2lvb1rvwwsURe/VXwD6VMfr+/1NuNw3ag8v2kY1aQ/go5SNn79O9JU7yw=="
		},
		"tagmap.js": {
			"version": "1.1.1",
			"resolved": "https://registry.npmjs.org/tagmap.js/-/tagmap.js-1.1.1.tgz",
			"integrity": "sha512-VesNkE9VW6bNRUjsa/2vcIwEpb2au2EN2twvZTB1lMljutMOtoknQSns5vqJL2otTVZfuixMxZttaynlhfPEEg==",
			"requires": {
				"d3-scale": "1.0.6",
				"hdbscanjs": "1.0.12",
				"rbush": "2.0.1"
			},
			"dependencies": {
				"d3-array": {
					"version": "1.2.4",
					"resolved": "https://registry.npmjs.org/d3-array/-/d3-array-1.2.4.tgz",
					"integrity": "sha512-KHW6M86R+FUPYGb3R5XiYjXPq7VzwxZ22buHhAEVG5ztoEcZZMLov530mmccaqA1GghZArjQV46fuc8kUqhhHw=="
				},
				"d3-scale": {
					"version": "1.0.6",
					"resolved": "https://registry.npmjs.org/d3-scale/-/d3-scale-1.0.6.tgz",
					"integrity": "sha1-vOGdqA06DPQiyVQ64zIghiILNO0=",
					"requires": {
						"d3-array": "^1.2.0",
						"d3-collection": "1",
						"d3-color": "1",
						"d3-format": "1",
						"d3-interpolate": "1",
						"d3-time": "1",
						"d3-time-format": "2"
					}
				},
				"quickselect": {
					"version": "1.1.1",
					"resolved": "https://registry.npmjs.org/quickselect/-/quickselect-1.1.1.tgz",
					"integrity": "sha512-qN0Gqdw4c4KGPsBOQafj6yj/PA6c/L63f6CaZ/DCF/xF4Esu3jVmKLUDYxghFx8Kb/O7y9tI7x2RjTSXwdK1iQ=="
				},
				"rbush": {
					"version": "2.0.1",
					"resolved": "https://registry.npmjs.org/rbush/-/rbush-2.0.1.tgz",
					"integrity": "sha1-TPrKKMMGS8DudUMaG3mZDode76k=",
					"requires": {
						"quickselect": "^1.0.0"
					}
				}
			}
		},
		"viewport-mercator-project": {
			"version": "7.0.1",
			"resolved": "https://registry.npmjs.org/viewport-mercator-project/-/viewport-mercator-project-7.0.1.tgz",
			"integrity": "sha512-WKTuTL7o6WKdPQ+gmZhlXL7UpSdCdPUjxkDTBd/3AayBdAFSQGHxsqdbmPBvmoGwvo9KWo/30HTkNo/Z7ORJpw==",
			"requires": {
				"@math.gl/web-mercator": "^3.1.3"
			}
		}
	}
}
