# THIS IS AN AUTOGENERATED FILE. DO NOT EDIT THIS FILE DIRECTLY.
# yarn lockfile v1


"@babel/runtime@^7.0.0", "@babel/runtime@^7.3.1":
  version "7.8.4"
  resolved "https://registry.yarnpkg.com/@babel/runtime/-/runtime-7.8.4.tgz#d79f5a2040f7caa24d53e563aad49cbc05581308"
  integrity sha512-neAp3zt80trRVBI1x0azq6c57aNBqYZH8KhMm3TaB7wEI5Q4A2SHfBHE8w9gOhI/lrqxtEbXZgQIrHP+wvSGwQ==
  dependencies:
    regenerator-runtime "^0.13.2"

"@deck.gl/core@^8.0.12":
  version "8.0.13"
  resolved "https://registry.yarnpkg.com/@deck.gl/core/-/core-8.0.13.tgz#3f6edc75df8efdd6ade897d5f903be1c9db0f5ab"
  integrity sha512-Es7ntBdLa+I4L65/qnWDWEZgyOKanfaAqgOdGXhbCPKcAA7Ba9jbHtRnFkuiBUf6LZQ/1fgPYauwF2thaJjGKw==
  dependencies:
    "@loaders.gl/core" "^2.0.2"
    "@loaders.gl/images" "^2.0.2"
    "@luma.gl/core" "^8.0.3"
    "@math.gl/web-mercator" "^3.1.3"
    gl-matrix "^3.0.0"
    math.gl "^3.1.2"
    mjolnir.js "^2.3.0"
    probe.gl "^3.2.0"

"@deck.gl/layers@^8.0.12":
  version "8.0.13"
  resolved "https://registry.yarnpkg.com/@deck.gl/layers/-/layers-8.0.13.tgz#500094e0bdc9728ac6ad5fe9cf83c4e26d694ee2"
  integrity sha512-an4YxBUSoozP38xxq8ZmylreYAfAVApTs1iduW9XAFjoL+wQnJukagWJ8yONvYJqvXxXF+OgODRQBjHt3ZVPEw==
  dependencies:
    "@loaders.gl/core" "^2.0.2"
    "@loaders.gl/images" "^2.0.2"
    "@mapbox/tiny-sdf" "^1.1.0"
    earcut "^2.0.6"

"@loaders.gl/core@^2.0.2":
  version "2.0.3"
  resolved "https://registry.yarnpkg.com/@loaders.gl/core/-/core-2.0.3.tgz#a6ca86c24b132f9bfd0a66a2252f6bc90f647d29"
  integrity sha512-ay52Uy35ASunjh2897/SUKZcUM3YDvopeB6DeH9m7scwHG2iMOt1kj1v5o+MK5/reGh2WRbx4H0VqNqulF0b4g==
  dependencies:
    "@babel/runtime" "^7.3.1"
    "@loaders.gl/loader-utils" "2.0.3"

"@loaders.gl/images@^2.0.2":
  version "2.0.3"
  resolved "https://registry.yarnpkg.com/@loaders.gl/images/-/images-2.0.3.tgz#5a4956e85cf56134ca860dc7e8899c49d6053f8a"
  integrity sha512-MTeId9DTVPxbM1CS4xmr4rUsdz62CfA7sNzUeatUP3lF7av17SVvlx+8YyXXOMALhuZuJu5MgQKGek4uwu10hg==

"@loaders.gl/loader-utils@2.0.3":
  version "2.0.3"
  resolved "https://registry.yarnpkg.com/@loaders.gl/loader-utils/-/loader-utils-2.0.3.tgz#a713f15f15bcb7859c47621cb3ee3d4f325e9eef"
  integrity sha512-OolwXxFrqAZdRLcXKVXMmHi8fBxew64tHiNFma4k1qqOTBaLT0/qMTMpe4np6MvRUWSKsWNSfW7ZlLTL3oJoGQ==
  dependencies:
    "@babel/runtime" "^7.3.1"

"@luma.gl/constants@8.0.3":
  version "8.0.3"
  resolved "https://registry.yarnpkg.com/@luma.gl/constants/-/constants-8.0.3.tgz#5418bc121f2d2b477e94df1170702f7563ee1b91"
  integrity sha512-Ps89hhaNGyseXDECnSNWbDARP3n1WOttoUnci2BL3O6Od7IIzkuV4HeoI3wsH5Zyyf9/3UBFaFwDnfnfK7E0TA==

"@luma.gl/core@^8.0.3":
  version "8.0.3"
  resolved "https://registry.yarnpkg.com/@luma.gl/core/-/core-8.0.3.tgz#7befb15991ab89323a450095c2e28ec9099510d0"
  integrity sha512-XjsIgBaLku5XxCDFp/cz0Dp3YCYAHgpMrbOPEb4fyE08J1hu7PnarudzpjG0DQsmOjeDZYsf0siAYcwcZXfnJg==
  dependencies:
    "@babel/runtime" "^7.0.0"
    "@luma.gl/constants" "8.0.3"
    "@luma.gl/engine" "8.0.3"
    "@luma.gl/shadertools" "8.0.3"
    "@luma.gl/webgl" "8.0.3"

"@luma.gl/engine@8.0.3":
  version "8.0.3"
  resolved "https://registry.yarnpkg.com/@luma.gl/engine/-/engine-8.0.3.tgz#3018fe78111d5f4c4eb5dac4fb444c0736f6bd83"
  integrity sha512-MdcbQ34cFwF1W14UJ57ONTCfk/yUJ+WsXlW7k1hBbsYvXNZwTMIsa7q/KwdYD0pdhiXwgjLAlwJ0+o+4ra5PlQ==
  dependencies:
    "@babel/runtime" "^7.0.0"
    "@luma.gl/constants" "8.0.3"
    "@luma.gl/gltools" "8.0.3"
    "@luma.gl/shadertools" "8.0.3"
    "@luma.gl/webgl" "8.0.3"
    math.gl "^3.1.2"
    probe.gl "^3.2.0"

"@luma.gl/gltools@8.0.3":
  version "8.0.3"
  resolved "https://registry.yarnpkg.com/@luma.gl/gltools/-/gltools-8.0.3.tgz#1e02f94c3cb56d8d85e2d98c0ebdd8d25afeb98d"
  integrity sha512-SMExUgaVweGkYPRDZVvmOfYsphD5h00/VPQp2/du5idbeiq1H9HtAj5hKAvddtpGTQPwW7GJHof+/FA/MsZpEg==
  dependencies:
    "@babel/runtime" "^7.0.0"
    "@luma.gl/constants" "8.0.3"
    probe.gl "^3.2.0"

"@luma.gl/shadertools@8.0.3":
  version "8.0.3"
  resolved "https://registry.yarnpkg.com/@luma.gl/shadertools/-/shadertools-8.0.3.tgz#24af7c3b67095f6d21be7783beda8db339f4b0e3"
  integrity sha512-ExV20p1rUgrl7VHlfMdP1thLac7Uj/eBd2x+3KWE0NHJdEy4wJggiXAcDwnFxp5WKfI+UqedFE/zbgLobf/UoA==
  dependencies:
    "@babel/runtime" "^7.0.0"
    math.gl "^3.1.2"

"@luma.gl/webgl@8.0.3":
  version "8.0.3"
  resolved "https://registry.yarnpkg.com/@luma.gl/webgl/-/webgl-8.0.3.tgz#07d9bda90c6c03d61c1bedfee4be89e9741407c2"
  integrity sha512-UOGedSTigU2J1ot7MWJETkCeqOcMF7gdDqUjQELnzgcTGSDc5pTerCEq1RLOjabys8fftIwNaiprhViOfif0DA==
  dependencies:
    "@babel/runtime" "^7.0.0"
    "@luma.gl/constants" "8.0.3"
    "@luma.gl/gltools" "8.0.3"
    probe.gl "^3.2.0"

"@mapbox/tiny-sdf@^1.1.0":
  version "1.1.1"
  resolved "https://registry.yarnpkg.com/@mapbox/tiny-sdf/-/tiny-sdf-1.1.1.tgz#16a20c470741bfe9191deb336f46e194da4a91ff"
  integrity sha512-Ihn1nZcGIswJ5XGbgFAvVumOgWpvIjBX9jiRlIl46uQG9vJOF51ViBYHF95rEZupuyQbEmhLaDPLQlU7fUTsBg==

"@math.gl/core@3.1.3":
  version "3.1.3"
  resolved "https://registry.yarnpkg.com/@math.gl/core/-/core-3.1.3.tgz#70b0349708d170325eecf043b6840029bc57cda5"
  integrity sha512-vpYyUYaE9h5KhJC4BJp4CeWThB7rrfs40d36dKkn45Vgzuj2lVCJ8FeU0S5XWYa495DLxxECED0IZt9ROvlwcg==
  dependencies:
    "@babel/runtime" "^7.0.0"
    gl-matrix "^3.0.0"

"@math.gl/web-mercator@^3.1.3":
  version "3.1.3"
  resolved "https://registry.yarnpkg.com/@math.gl/web-mercator/-/web-mercator-3.1.3.tgz#3a6b2aeb6c68b331f26269c2fa1905cacc40e84b"
  integrity sha512-aU+3upxkdA9yObA7EudfEKfN/QH4o5impyc7s/a34J2hZKPsihgREphxnKzl2RknXD/KoL7MnQv589LToAJGMQ==
  dependencies:
    "@babel/runtime" "^7.0.0"
    gl-matrix "^3.0.0"

"@probe.gl/stats@3.2.1":
  version "3.2.1"
  resolved "https://registry.yarnpkg.com/@probe.gl/stats/-/stats-3.2.1.tgz#4e95c75513229ebb01384045e89524a466c022eb"
  integrity sha512-tXe5krgbodxtVdUVWG4oIicMoCHNGp7QYkaHSDrUeTfJVqYuZz99T6r7qmn0bCo4wQlzn936jJ+QiAltHxatig==
  dependencies:
    "@babel/runtime" "^7.0.0"

earcut@^2.0.6:
  version "2.2.2"
  resolved "https://registry.yarnpkg.com/earcut/-/earcut-2.2.2.tgz#41b0bc35f63e0fe80da7cddff28511e7e2e80d11"
  integrity sha512-eZoZPPJcUHnfRZ0PjLvx2qBordSiO8ofC3vt+qACLM95u+4DovnbYNpQtJh0DNsWj8RnxrQytD4WA8gj5cRIaQ==

gl-matrix@^3.0.0:
  version "3.1.0"
  resolved "https://registry.yarnpkg.com/gl-matrix/-/gl-matrix-3.1.0.tgz#f5b2de17d8fed95a79e5025b10cded0ab9ccbed0"
  integrity sha512-526NA+3EA+ztAQi0IZpSWiM0fyQXIp7IbRvfJ4wS/TjjQD0uv0fVybXwwqqSOlq33UckivI0yMDlVtboWm3k7A==

hammerjs@^2.0.8:
  version "2.0.8"
  resolved "https://registry.yarnpkg.com/hammerjs/-/hammerjs-2.0.8.tgz#04ef77862cff2bb79d30f7692095930222bf60f1"
  integrity sha1-BO93hiz/K7edMPdpIJWTAiK/YPE=

math.gl@^3.1.2:
  version "3.1.3"
  resolved "https://registry.yarnpkg.com/math.gl/-/math.gl-3.1.3.tgz#1e702df8cba024cc229e18e3c57c60a27943cb95"
  integrity sha512-3OYCtzTOW1wkZufjsxk8g1D77+z+x7QehOZcMFPGgw1QjVEFNcyy3ql6hdrZpUlkyE3pX4lYak7WOIE+n0obYg==
  dependencies:
    "@math.gl/core" "3.1.3"

mjolnir.js@^2.3.0:
  version "2.4.0"
  resolved "https://registry.yarnpkg.com/mjolnir.js/-/mjolnir.js-2.4.0.tgz#247f1640d8382c07c3030595f7957e1a5383b6e4"
  integrity sha512-0WyWlc5EzdZ7eD0Fjy1DarzJpknesJaMJ6P0c6gDlbotfj3GRzv0odTXfTVVMm9WxEQSUzxosdnPqnd0SDxIyA==
  dependencies:
    "@babel/runtime" "^7.0.0"
    hammerjs "^2.0.8"

probe.gl@^3.2.0:
  version "3.2.1"
  resolved "https://registry.yarnpkg.com/probe.gl/-/probe.gl-3.2.1.tgz#c92db3e89df6c45a9fe0377890c6b0ded35d2974"
  integrity sha512-ax0flZWVcrw3FF9MMt84mqfIckjkB7ItGer9rr8zlUbkIyzt66ypeJVLQlC28dJ/RBZtriflt2sVAhjENFohQA==
  dependencies:
    "@babel/runtime" "^7.0.0"
    "@probe.gl/stats" "3.2.1"

regenerator-runtime@^0.13.2:
  version "0.13.3"
  resolved "https://registry.yarnpkg.com/regenerator-runtime/-/regenerator-runtime-0.13.3.tgz#7cf6a77d8f5c6f60eb73c5fc1955b2ceb01e6bf5"
  integrity sha512-naKIZz2GQ8JWh///G7L3X6LaQUAMp2lvb1rvwwsURe/VXwD6VMfr+/1NuNw3ag8v2kY1aQ/go5SNn79O9JU7yw==
